
Microsoft Visual Studio Solution File, Format Version 12.00
# Visual Studio 15
VisualStudioVersion = 15.0.28010.2046
MinimumVisualStudioVersion = 10.0.40219.1
Project("{FAE04EC0-301F-11D3-BF4B-00C04F79EFBC}") = "AspNetCoreMVCWebApp", "AspNetCoreMVCWebApp\AspNetCoreMVCWebApp.csproj", "{F48BFC26-78C5-425D-976A-1F98FF692928}"
EndProject
Global
	GlobalSection(SolutionConfigurationPlatforms) = preSolution
		Debug|Any CPU = Debug|Any CPU
		Release|Any CPU = Release|Any CPU
	EndGlobalSection
	GlobalSection(ProjectConfigurationPlatforms) = postSolution
		{F48BFC26-78C5-425D-976A-1F98FF692928}.Debug|Any CPU.ActiveCfg = Debug|Any CPU
		{F48BFC26-78C5-425D-976A-1F98FF692928}.Debug|Any CPU.Build.0 = Debug|Any CPU
		{F48BFC26-78C5-425D-976A-1F98FF692928}.Release|Any CPU.ActiveCfg = Release|Any CPU
		{F48BFC26-78C5-425D-976A-1F98FF692928}.Release|Any CPU.Build.0 = Release|Any CPU
	EndGlobalSection
	GlobalSection(SolutionProperties) = preSolution
		HideSolutionNode = FALSE
	EndGlobalSection
	GlobalSection(ExtensibilityGlobals) = postSolution
		SolutionGuid = {7B256576-1B1F-447C-9053-5D1F6D3D4796}
	EndGlobalSection
EndGlobal
